
Microsoft Visual Studio Solution File, Format Version 12.00
# Visual Studio Version 16
VisualStudioVersion = 16.0.30413.136
MinimumVisualStudioVersion = 10.0.40219.1
Project("{FAE04EC0-301F-11D3-BF4B-00C04F79EFBC}") = "LAB_1", "LAB_1\LAB_1.csproj", "{E10C1478-8295-4B22-9A58-59A36DED22D3}"
EndProject
Global
	GlobalSection(SolutionConfigurationPlatforms) = preSolution
		Debug|Any CPU = Debug|Any CPU
		Release|Any CPU = Release|Any CPU
	EndGlobalSection
	GlobalSection(ProjectConfigurationPlatforms) = postSolution
		{E10C1478-8295-4B22-9A58-59A36DED22D3}.Debug|Any CPU.ActiveCfg = Debug|Any CPU
		{E10C1478-8295-4B22-9A58-59A36DED22D3}.Debug|Any CPU.Build.0 = Debug|Any CPU
		{E10C1478-8295-4B22-9A58-59A36DED22D3}.Release|Any CPU.ActiveCfg = Release|Any CPU
		{E10C1478-8295-4B22-9A58-59A36DED22D3}.Release|Any CPU.Build.0 = Release|Any CPU
	EndGlobalSection
	GlobalSection(SolutionProperties) = preSolution
		HideSolutionNode = FALSE
	EndGlobalSection
	GlobalSection(ExtensibilityGlobals) = postSolution
		SolutionGuid = {1F28DA90-C17C-47DB-8BD7-2D207C3BF73E}
	EndGlobalSection
EndGlobal
