
Microsoft Visual Studio Solution File, Format Version 12.00
# Visual Studio Version 16
VisualStudioVersion = 16.0.30413.136
MinimumVisualStudioVersion = 10.0.40219.1
Project("{FAE04EC0-301F-11D3-BF4B-00C04F79EFBC}") = "LAB_4", "LAB_4\LAB_4.csproj", "{FDBC2425-04BF-4C6D-8178-C757EC7B6833}"
EndProject
Global
	GlobalSection(SolutionConfigurationPlatforms) = preSolution
		Debug|Any CPU = Debug|Any CPU
		Release|Any CPU = Release|Any CPU
	EndGlobalSection
	GlobalSection(ProjectConfigurationPlatforms) = postSolution
		{FDBC2425-04BF-4C6D-8178-C757EC7B6833}.Debug|Any CPU.ActiveCfg = Debug|Any CPU
		{FDBC2425-04BF-4C6D-8178-C757EC7B6833}.Debug|Any CPU.Build.0 = Debug|Any CPU
		{FDBC2425-04BF-4C6D-8178-C757EC7B6833}.Release|Any CPU.ActiveCfg = Release|Any CPU
		{FDBC2425-04BF-4C6D-8178-C757EC7B6833}.Release|Any CPU.Build.0 = Release|Any CPU
	EndGlobalSection
	GlobalSection(SolutionProperties) = preSolution
		HideSolutionNode = FALSE
	EndGlobalSection
	GlobalSection(ExtensibilityGlobals) = postSolution
		SolutionGuid = {CAA07739-B5EB-4B79-B4CE-24FB65232F13}
	EndGlobalSection
EndGlobal
